
Microsoft Visual Studio Solution File, Format Version 12.00
# Visual Studio Version 17
VisualStudioVersion = 17.13.35919.96 d17.13
MinimumVisualStudioVersion = 10.0.40219.1
Project("{FAE04EC0-301F-11D3-BF4B-00C04F79EFBC}") = "Abstracciones", "Abstracciones\Abstracciones.csproj", "{9151339D-6F2E-416A-909D-DE1B803FEFC7}"
EndProject
Project("{FAE04EC0-301F-11D3-BF4B-00C04F79EFBC}") = "DA", "DA\DA.csproj", "{5D2C1224-6A17-41D8-9615-55822FCB015D}"
EndProject
Project("{FAE04EC0-301F-11D3-BF4B-00C04F79EFBC}") = "Flujo", "Flujo\Flujo.csproj", "{42E689B7-CB10-46F9-9E9C-4B10A3435EC6}"
EndProject
Project("{FAE04EC0-301F-11D3-BF4B-00C04F79EFBC}") = "Reglas", "Reglas\Reglas.csproj", "{826D25A2-CC8D-445A-84EB-9850C53FA474}"
EndProject
Project("{FAE04EC0-301F-11D3-BF4B-00C04F79EFBC}") = "Servicios", "Servicios\Servicios.csproj", "{170BEA95-274C-474B-B59F-D194117C7D8B}"
EndProject
Project("{FAE04EC0-301F-11D3-BF4B-00C04F79EFBC}") = "API", "API\API.csproj", "{02B7B06B-43D1-4515-8081-EE5F85F77969}"
EndProject
Global
	GlobalSection(SolutionConfigurationPlatforms) = preSolution
		Debug|Any CPU = Debug|Any CPU
		Release|Any CPU = Release|Any CPU
	EndGlobalSection
	GlobalSection(ProjectConfigurationPlatforms) = postSolution
		{9151339D-6F2E-416A-909D-DE1B803FEFC7}.Debug|Any CPU.ActiveCfg = Debug|Any CPU
		{9151339D-6F2E-416A-909D-DE1B803FEFC7}.Debug|Any CPU.Build.0 = Debug|Any CPU
		{9151339D-6F2E-416A-909D-DE1B803FEFC7}.Release|Any CPU.ActiveCfg = Release|Any CPU
		{9151339D-6F2E-416A-909D-DE1B803FEFC7}.Release|Any CPU.Build.0 = Release|Any CPU
		{5D2C1224-6A17-41D8-9615-55822FCB015D}.Debug|Any CPU.ActiveCfg = Debug|Any CPU
		{5D2C1224-6A17-41D8-9615-55822FCB015D}.Debug|Any CPU.Build.0 = Debug|Any CPU
		{5D2C1224-6A17-41D8-9615-55822FCB015D}.Release|Any CPU.ActiveCfg = Release|Any CPU
		{5D2C1224-6A17-41D8-9615-55822FCB015D}.Release|Any CPU.Build.0 = Release|Any CPU
		{42E689B7-CB10-46F9-9E9C-4B10A3435EC6}.Debug|Any CPU.ActiveCfg = Debug|Any CPU
		{42E689B7-CB10-46F9-9E9C-4B10A3435EC6}.Debug|Any CPU.Build.0 = Debug|Any CPU
		{42E689B7-CB10-46F9-9E9C-4B10A3435EC6}.Release|Any CPU.ActiveCfg = Release|Any CPU
		{42E689B7-CB10-46F9-9E9C-4B10A3435EC6}.Release|Any CPU.Build.0 = Release|Any CPU
		{826D25A2-CC8D-445A-84EB-9850C53FA474}.Debug|Any CPU.ActiveCfg = Debug|Any CPU
		{826D25A2-CC8D-445A-84EB-9850C53FA474}.Debug|Any CPU.Build.0 = Debug|Any CPU
		{826D25A2-CC8D-445A-84EB-9850C53FA474}.Release|Any CPU.ActiveCfg = Release|Any CPU
		{826D25A2-CC8D-445A-84EB-9850C53FA474}.Release|Any CPU.Build.0 = Release|Any CPU
		{170BEA95-274C-474B-B59F-D194117C7D8B}.Debug|Any CPU.ActiveCfg = Debug|Any CPU
		{170BEA95-274C-474B-B59F-D194117C7D8B}.Debug|Any CPU.Build.0 = Debug|Any CPU
		{170BEA95-274C-474B-B59F-D194117C7D8B}.Release|Any CPU.ActiveCfg = Release|Any CPU
		{170BEA95-274C-474B-B59F-D194117C7D8B}.Release|Any CPU.Build.0 = Release|Any CPU
		{02B7B06B-43D1-4515-8081-EE5F85F77969}.Debug|Any CPU.ActiveCfg = Debug|Any CPU
		{02B7B06B-43D1-4515-8081-EE5F85F77969}.Debug|Any CPU.Build.0 = Debug|Any CPU
		{02B7B06B-43D1-4515-8081-EE5F85F77969}.Release|Any CPU.ActiveCfg = Release|Any CPU
		{02B7B06B-43D1-4515-8081-EE5F85F77969}.Release|Any CPU.Build.0 = Release|Any CPU
	EndGlobalSection
	GlobalSection(SolutionProperties) = preSolution
		HideSolutionNode = FALSE
	EndGlobalSection
	GlobalSection(ExtensibilityGlobals) = postSolution
		SolutionGuid = {1C19C157-1633-4E72-9C3C-8589AEA8B683}
	EndGlobalSection
EndGlobal
